
Microsoft Visual Studio Solution File, Format Version 12.00
# Visual Studio 15
VisualStudioVersion = 15.0.26124.0
MinimumVisualStudioVersion = 15.0.26124.0
Project("{FAE04EC0-301F-11D3-BF4B-00C04F79EFBC}") = "cidemo", "cidemo\cidemo.csproj", "{8271C09F-2980-472C-8690-A4398756566B}"
EndProject
Project("{FAE04EC0-301F-11D3-BF4B-00C04F79EFBC}") = "testing", "testing\testing.csproj", "{B8B40771-286D-4F46-9F9E-20088D1CF760}"
EndProject
Global
	GlobalSection(SolutionConfigurationPlatforms) = preSolution
		Debug|Any CPU = Debug|Any CPU
		Debug|x64 = Debug|x64
		Debug|x86 = Debug|x86
		Release|Any CPU = Release|Any CPU
		Release|x64 = Release|x64
		Release|x86 = Release|x86
	EndGlobalSection
	GlobalSection(SolutionProperties) = preSolution
		HideSolutionNode = FALSE
	EndGlobalSection
	GlobalSection(ProjectConfigurationPlatforms) = postSolution
		{8271C09F-2980-472C-8690-A4398756566B}.Debug|Any CPU.ActiveCfg = Debug|Any CPU
		{8271C09F-2980-472C-8690-A4398756566B}.Debug|Any CPU.Build.0 = Debug|Any CPU
		{8271C09F-2980-472C-8690-A4398756566B}.Debug|x64.ActiveCfg = Debug|Any CPU
		{8271C09F-2980-472C-8690-A4398756566B}.Debug|x64.Build.0 = Debug|Any CPU
		{8271C09F-2980-472C-8690-A4398756566B}.Debug|x86.ActiveCfg = Debug|Any CPU
		{8271C09F-2980-472C-8690-A4398756566B}.Debug|x86.Build.0 = Debug|Any CPU
		{8271C09F-2980-472C-8690-A4398756566B}.Release|Any CPU.ActiveCfg = Release|Any CPU
		{8271C09F-2980-472C-8690-A4398756566B}.Release|Any CPU.Build.0 = Release|Any CPU
		{8271C09F-2980-472C-8690-A4398756566B}.Release|x64.ActiveCfg = Release|Any CPU
		{8271C09F-2980-472C-8690-A4398756566B}.Release|x64.Build.0 = Release|Any CPU
		{8271C09F-2980-472C-8690-A4398756566B}.Release|x86.ActiveCfg = Release|Any CPU
		{8271C09F-2980-472C-8690-A4398756566B}.Release|x86.Build.0 = Release|Any CPU
		{B8B40771-286D-4F46-9F9E-20088D1CF760}.Debug|Any CPU.ActiveCfg = Debug|Any CPU
		{B8B40771-286D-4F46-9F9E-20088D1CF760}.Debug|Any CPU.Build.0 = Debug|Any CPU
		{B8B40771-286D-4F46-9F9E-20088D1CF760}.Debug|x64.ActiveCfg = Debug|Any CPU
		{B8B40771-286D-4F46-9F9E-20088D1CF760}.Debug|x64.Build.0 = Debug|Any CPU
		{B8B40771-286D-4F46-9F9E-20088D1CF760}.Debug|x86.ActiveCfg = Debug|Any CPU
		{B8B40771-286D-4F46-9F9E-20088D1CF760}.Debug|x86.Build.0 = Debug|Any CPU
		{B8B40771-286D-4F46-9F9E-20088D1CF760}.Release|Any CPU.ActiveCfg = Release|Any CPU
		{B8B40771-286D-4F46-9F9E-20088D1CF760}.Release|Any CPU.Build.0 = Release|Any CPU
		{B8B40771-286D-4F46-9F9E-20088D1CF760}.Release|x64.ActiveCfg = Release|Any CPU
		{B8B40771-286D-4F46-9F9E-20088D1CF760}.Release|x64.Build.0 = Release|Any CPU
		{B8B40771-286D-4F46-9F9E-20088D1CF760}.Release|x86.ActiveCfg = Release|Any CPU
		{B8B40771-286D-4F46-9F9E-20088D1CF760}.Release|x86.Build.0 = Release|Any CPU
	EndGlobalSection
EndGlobal
